// !$*UTF8*$!
{
	archiveVersion = 1;
	classes = {
	};
	objectVersion = 77;
	objects = {

/* Begin PBXContainerItemProxy section */
		422980692E21238C00477456 /* PBXContainerItemProxy */ = {
			isa = PBXContainerItemProxy;
			containerPortal = 422980502E21238A00477456 /* Project object */;
			proxyType = 1;
			remoteGlobalIDString = 422980572E21238A00477456;
			remoteInfo = "Zuper-iOS Assignment";
		};
		422980732E21238C00477456 /* PBXContainerItemProxy */ = {
			isa = PBXContainerItemProxy;
			containerPortal = 422980502E21238A00477456 /* Project object */;
			proxyType = 1;
			remoteGlobalIDString = 422980572E21238A00477456;
			remoteInfo = "Zuper-iOS Assignment";
		};
/* End PBXContainerItemProxy section */

/* Begin PBXFileReference section */
		422980582E21238A00477456 /* Zuper-iOS Assignment.app */ = {isa = PBXFileReference; explicitFileType = wrapper.application; includeInIndex = 0; path = "Zuper-iOS Assignment.app"; sourceTree = BUILT_PRODUCTS_DIR; };
		422980682E21238C00477456 /* Zuper-iOS AssignmentTests.xctest */ = {isa = PBXFileReference; explicitFileType = wrapper.cfbundle; includeInIndex = 0; path = "Zuper-iOS AssignmentTests.xctest"; sourceTree = BUILT_PRODUCTS_DIR; };
		422980722E21238C00477456 /* Zuper-iOS AssignmentUITests.xctest */ = {isa = PBXFileReference; explicitFileType = wrapper.cfbundle; includeInIndex = 0; path = "Zuper-iOS AssignmentUITests.xctest"; sourceTree = BUILT_PRODUCTS_DIR; };
/* End PBXFileReference section */

/* Begin PBXFileSystemSynchronizedRootGroup section */
		4229805A2E21238A00477456 /* Zuper-iOS Assignment */ = {
			isa = PBXFileSystemSynchronizedRootGroup;
			path = "Zuper-iOS Assignment";
			sourceTree = "<group>";
		};
		4229806B2E21238C00477456 /* Zuper-iOS AssignmentTests */ = {
			isa = PBXFileSystemSynchronizedRootGroup;
			path = "Zuper-iOS AssignmentTests";
			sourceTree = "<group>";
		};
		422980752E21238C00477456 /* Zuper-iOS AssignmentUITests */ = {
			isa = PBXFileSystemSynchronizedRootGroup;
			path = "Zuper-iOS AssignmentUITests";
			sourceTree = "<group>";
		};
/* End PBXFileSystemSynchronizedRootGroup section */

/* Begin PBXFrameworksBuildPhase section */
		422980552E21238A00477456 /* Frameworks */ = {
			isa = PBXFrameworksBuildPhase;
			buildActionMask = 2147483647;
			files = (
			);
			runOnlyForDeploymentPostprocessing = 0;
		};
		422980652E21238C00477456 /* Frameworks */ = {
			isa = PBXFrameworksBuildPhase;
			buildActionMask = 2147483647;
			files = (
			);
			runOnlyForDeploymentPostprocessing = 0;
		};
		4229806F2E21238C00477456 /* Frameworks */ = {
			isa = PBXFrameworksBuildPhase;
			buildActionMask = 2147483647;
			files = (
			);
			runOnlyForDeploymentPostprocessing = 0;
		};
/* End PBXFrameworksBuildPhase section */

/* Begin PBXGroup section */
		4229804F2E21238A00477456 = {
			isa = PBXGroup;
			children = (
				4229805A2E21238A00477456 /* Zuper-iOS Assignment */,
				4229806B2E21238C00477456 /* Zuper-iOS AssignmentTests */,
				422980752E21238C00477456 /* Zuper-iOS AssignmentUITests */,
				422980592E21238A00477456 /* Products */,
			);
			sourceTree = "<group>";
		};
		422980592E21238A00477456 /* Products */ = {
			isa = PBXGroup;
			children = (
				422980582E21238A00477456 /* Zuper-iOS Assignment.app */,
				422980682E21238C00477456 /* Zuper-iOS AssignmentTests.xctest */,
				422980722E21238C00477456 /* Zuper-iOS AssignmentUITests.xctest */,
			);
			name = Products;
			sourceTree = "<group>";
		};
/* End PBXGroup section */

/* Begin PBXNativeTarget section */
		422980572E21238A00477456 /* Zuper-iOS Assignment */ = {
			isa = PBXNativeTarget;
			buildConfigurationList = 4229807C2E21238C00477456 /* Build configuration list for PBXNativeTarget "Zuper-iOS Assignment" */;
			buildPhases = (
				422980542E21238A00477456 /* Sources */,
				422980552E21238A00477456 /* Frameworks */,
				422980562E21238A00477456 /* Resources */,
			);
			buildRules = (
			);
			dependencies = (
			);
			fileSystemSynchronizedGroups = (
				4229805A2E21238A00477456 /* Zuper-iOS Assignment */,
			);
			name = "Zuper-iOS Assignment";
			packageProductDependencies = (
			);
			productName = "Zuper-iOS Assignment";
			productReference = 422980582E21238A00477456 /* Zuper-iOS Assignment.app */;
			productType = "com.apple.product-type.application";
		};
		422980672E21238C00477456 /* Zuper-iOS AssignmentTests */ = {
			isa = PBXNativeTarget;
			buildConfigurationList = 4229807F2E21238C00477456 /* Build configuration list for PBXNativeTarget "Zuper-iOS AssignmentTests" */;
			buildPhases = (
				422980642E21238C00477456 /* Sources */,
				422980652E21238C00477456 /* Frameworks */,
				422980662E21238C00477456 /* Resources */,
			);
			buildRules = (
			);
			dependencies = (
				4229806A2E21238C00477456 /* PBXTargetDependency */,
			);
			fileSystemSynchronizedGroups = (
				4229806B2E21238C00477456 /* Zuper-iOS AssignmentTests */,
			);
			name = "Zuper-iOS AssignmentTests";
			packageProductDependencies = (
			);
			productName = "Zuper-iOS AssignmentTests";
			productReference = 422980682E21238C00477456 /* Zuper-iOS AssignmentTests.xctest */;
			productType = "com.apple.product-type.bundle.unit-test";
		};
		422980712E21238C00477456 /* Zuper-iOS AssignmentUITests */ = {
			isa = PBXNativeTarget;
			buildConfigurationList = 422980822E21238C00477456 /* Build configuration list for PBXNativeTarget "Zuper-iOS AssignmentUITests" */;
			buildPhases = (
				4229806E2E21238C00477456 /* Sources */,
				4229806F2E21238C00477456 /* Frameworks */,
				422980702E21238C00477456 /* Resources */,
			);
			buildRules = (
			);
			dependencies = (
				422980742E21238C00477456 /* PBXTargetDependency */,
			);
			fileSystemSynchronizedGroups = (
				422980752E21238C00477456 /* Zuper-iOS AssignmentUITests */,
			);
			name = "Zuper-iOS AssignmentUITests";
			packageProductDependencies = (
			);
			productName = "Zuper-iOS AssignmentUITests";
			productReference = 422980722E21238C00477456 /* Zuper-iOS AssignmentUITests.xctest */;
			productType = "com.apple.product-type.bundle.ui-testing";
		};
/* End PBXNativeTarget section */

/* Begin PBXProject section */
		422980502E21238A00477456 /* Project object */ = {
			isa = PBXProject;
			attributes = {
				BuildIndependentTargetsInParallel = 1;
				LastSwiftUpdateCheck = 1620;
				LastUpgradeCheck = 1620;
				TargetAttributes = {
					422980572E21238A00477456 = {
						CreatedOnToolsVersion = 16.2;
					};
					422980672E21238C00477456 = {
						CreatedOnToolsVersion = 16.2;
						TestTargetID = 422980572E21238A00477456;
					};
					422980712E21238C00477456 = {
						CreatedOnToolsVersion = 16.2;
						TestTargetID = 422980572E21238A00477456;
					};
				};
			};
			buildConfigurationList = 422980532E21238A00477456 /* Build configuration list for PBXProject "Zuper-iOS Assignment" */;
			developmentRegion = en;
			hasScannedForEncodings = 0;
			knownRegions = (
				en,
				Base,
			);
			mainGroup = 4229804F2E21238A00477456;
			minimizedProjectReferenceProxies = 1;
			preferredProjectObjectVersion = 77;
			productRefGroup = 422980592E21238A00477456 /* Products */;
			projectDirPath = "";
			projectRoot = "";
			targets = (
				422980572E21238A00477456 /* Zuper-iOS Assignment */,
				422980672E21238C00477456 /* Zuper-iOS AssignmentTests */,
				422980712E21238C00477456 /* Zuper-iOS AssignmentUITests */,
			);
		};
/* End PBXProject section */

/* Begin PBXResourcesBuildPhase section */
		422980562E21238A00477456 /* Resources */ = {
			isa = PBXResourcesBuildPhase;
			buildActionMask = 2147483647;
			files = (
			);
			runOnlyForDeploymentPostprocessing = 0;
		};
		422980662E21238C00477456 /* Resources */ = {
			isa = PBXResourcesBuildPhase;
			buildActionMask = 2147483647;
			files = (
			);
			runOnlyForDeploymentPostprocessing = 0;
		};
		422980702E21238C00477456 /* Resources */ = {
			isa = PBXResourcesBuildPhase;
			buildActionMask = 2147483647;
			files = (
			);
			runOnlyForDeploymentPostprocessing = 0;
		};
/* End PBXResourcesBuildPhase section */

/* Begin PBXSourcesBuildPhase section */
		422980542E21238A00477456 /* Sources */ = {
			isa = PBXSourcesBuildPhase;
			buildActionMask = 2147483647;
			files = (
			);
			runOnlyForDeploymentPostprocessing = 0;
		};
		422980642E21238C00477456 /* Sources */ = {
			isa = PBXSourcesBuildPhase;
			buildActionMask = 2147483647;
			files = (
			);
			runOnlyForDeploymentPostprocessing = 0;
		};
		4229806E2E21238C00477456 /* Sources */ = {
			isa = PBXSourcesBuildPhase;
			buildActionMask = 2147483647;
			files = (
			);
			runOnlyForDeploymentPostprocessing = 0;
		};
/* End PBXSourcesBuildPhase section */

/* Begin PBXTargetDependency section */
		4229806A2E21238C00477456 /* PBXTargetDependency */ = {
			isa = PBXTargetDependency;
			target = 422980572E21238A00477456 /* Zuper-iOS Assignment */;
			targetProxy = 422980692E21238C00477456 /* PBXContainerItemProxy */;
		};
		422980742E21238C00477456 /* PBXTargetDependency */ = {
			isa = PBXTargetDependency;
			target = 422980572E21238A00477456 /* Zuper-iOS Assignment */;
			targetProxy = 422980732E21238C00477456 /* PBXContainerItemProxy */;
		};
/* End PBXTargetDependency section */

/* Begin XCBuildConfiguration section */
		4229807A2E21238C00477456 /* Debug */ = {
			isa = XCBuildConfiguration;
			buildSettings = {
				ALWAYS_SEARCH_USER_PATHS = NO;
				ASSETCATALOG_COMPILER_GENERATE_SWIFT_ASSET_SYMBOL_EXTENSIONS = YES;
				CLANG_ANALYZER_NONNULL = YES;
				CLANG_ANALYZER_NUMBER_OBJECT_CONVERSION = YES_AGGRESSIVE;
				CLANG_CXX_LANGUAGE_STANDARD = "gnu++20";
				CLANG_ENABLE_MODULES = YES;
				CLANG_ENABLE_OBJC_ARC = YES;
				CLANG_ENABLE_OBJC_WEAK = YES;
				CLANG_WARN_BLOCK_CAPTURE_AUTORELEASING = YES;
				CLANG_WARN_BOOL_CONVERSION = YES;
				CLANG_WARN_COMMA = YES;
				CLANG_WARN_CONSTANT_CONVERSION = YES;
				CLANG_WARN_DEPRECATED_OBJC_IMPLEMENTATIONS = YES;
				CLANG_WARN_DIRECT_OBJC_ISA_USAGE = YES_ERROR;
				CLANG_WARN_DOCUMENTATION_COMMENTS = YES;
				CLANG_WARN_EMPTY_BODY = YES;
				CLANG_WARN_ENUM_CONVERSION = YES;
				CLANG_WARN_INFINITE_RECURSION = YES;
				CLANG_WARN_INT_CONVERSION = YES;
				CLANG_WARN_NON_LITERAL_NULL_CONVERSION = YES;
				CLANG_WARN_OBJC_IMPLICIT_RETAIN_SELF = YES;
				CLANG_WARN_OBJC_LITERAL_CONVERSION = YES;
				CLANG_WARN_OBJC_ROOT_CLASS = YES_ERROR;
				CLANG_WARN_QUOTED_INCLUDE_IN_FRAMEWORK_HEADER = YES;
				CLANG_WARN_RANGE_LOOP_ANALYSIS = YES;
				CLANG_WARN_STRICT_PROTOTYPES = YES;
				CLANG_WARN_SUSPICIOUS_MOVE = YES;
				CLANG_WARN_UNGUARDED_AVAILABILITY = YES_AGGRESSIVE;
				CLANG_WARN_UNREACHABLE_CODE = YES;
				CLANG_WARN__DUPLICATE_METHOD_MATCH = YES;
				COPY_PHASE_STRIP = NO;
				DEBUG_INFORMATION_FORMAT = dwarf;
				ENABLE_STRICT_OBJC_MSGSEND = YES;
				ENABLE_TESTABILITY = YES;
				ENABLE_USER_SCRIPT_SANDBOXING = YES;
				GCC_C_LANGUAGE_STANDARD = gnu17;
				GCC_DYNAMIC_NO_PIC = NO;
				GCC_NO_COMMON_BLOCKS = YES;
				GCC_OPTIMIZATION_LEVEL = 0;
				GCC_PREPROCESSOR_DEFINITIONS = (
					"DEBUG=1",
					"$(inherited)",
				);
				GCC_WARN_64_TO_32_BIT_CONVERSION = YES;
				GCC_WARN_ABOUT_RETURN_TYPE = YES_ERROR;
				GCC_WARN_UNDECLARED_SELECTOR = YES;
				GCC_WARN_UNINITIALIZED_AUTOS = YES_AGGRESSIVE;
				GCC_WARN_UNUSED_FUNCTION = YES;
				GCC_WARN_UNUSED_VARIABLE = YES;
				IPHONEOS_DEPLOYMENT_TARGET = 18.2;
				LOCALIZATION_PREFERS_STRING_CATALOGS = YES;
				MTL_ENABLE_DEBUG_INFO = INCLUDE_SOURCE;
				MTL_FAST_MATH = YES;
				ONLY_ACTIVE_ARCH = YES;
				SDKROOT = iphoneos;
				SWIFT_ACTIVE_COMPILATION_CONDITIONS = "DEBUG $(inherited)";
				SWIFT_OPTIMIZATION_LEVEL = "-Onone";
			};
			name = Debug;
		};
		4229807B2E21238C00477456 /* Release */ = {
			isa = XCBuildConfiguration;
			buildSettings = {
				ALWAYS_SEARCH_USER_PATHS = NO;
				ASSETCATALOG_COMPILER_GENERATE_SWIFT_ASSET_SYMBOL_EXTENSIONS = YES;
				CLANG_ANALYZER_NONNULL = YES;
				CLANG_ANALYZER_NUMBER_OBJECT_CONVERSION = YES_AGGRESSIVE;
				CLANG_CXX_LANGUAGE_STANDARD = "gnu++20";
				CLANG_ENABLE_MODULES = YES;
				CLANG_ENABLE_OBJC_ARC = YES;
				CLANG_ENABLE_OBJC_WEAK = YES;
				CLANG_WARN_BLOCK_CAPTURE_AUTORELEASING = YES;
				CLANG_WARN_BOOL_CONVERSION = YES;
				CLANG_WARN_COMMA = YES;
				CLANG_WARN_CONSTANT_CONVERSION = YES;
				CLANG_WARN_DEPRECATED_OBJC_IMPLEMENTATIONS = YES;
				CLANG_WARN_DIRECT_OBJC_ISA_USAGE = YES_ERROR;
				CLANG_WARN_DOCUMENTATION_COMMENTS = YES;
				CLANG_WARN_EMPTY_BODY = YES;
				CLANG_WARN_ENUM_CONVERSION = YES;
				CLANG_WARN_INFINITE_RECURSION = YES;
				CLANG_WARN_INT_CONVERSION = YES;
				CLANG_WARN_NON_LITERAL_NULL_CONVERSION = YES;
				CLANG_WARN_OBJC_IMPLICIT_RETAIN_SELF = YES;
				CLANG_WARN_OBJC_LITERAL_CONVERSION = YES;
				CLANG_WARN_OBJC_ROOT_CLASS = YES_ERROR;
				CLANG_WARN_QUOTED_INCLUDE_IN_FRAMEWORK_HEADER = YES;
				CLANG_WARN_RANGE_LOOP_ANALYSIS = YES;
				CLANG_WARN_STRICT_PROTOTYPES = YES;
				CLANG_WARN_SUSPICIOUS_MOVE = YES;
				CLANG_WARN_UNGUARDED_AVAILABILITY = YES_AGGRESSIVE;
				CLANG_WARN_UNREACHABLE_CODE = YES;
				CLANG_WARN__DUPLICATE_METHOD_MATCH = YES;
				COPY_PHASE_STRIP = NO;
				DEBUG_INFORMATION_FORMAT = "dwarf-with-dsym";
				ENABLE_NS_ASSERTIONS = NO;
				ENABLE_STRICT_OBJC_MSGSEND = YES;
				ENABLE_USER_SCRIPT_SANDBOXING = YES;
				GCC_C_LANGUAGE_STANDARD = gnu17;
				GCC_NO_COMMON_BLOCKS = YES;
				GCC_WARN_64_TO_32_BIT_CONVERSION = YES;
				GCC_WARN_ABOUT_RETURN_TYPE = YES_ERROR;
				GCC_WARN_UNDECLARED_SELECTOR = YES;
				GCC_WARN_UNINITIALIZED_AUTOS = YES_AGGRESSIVE;
				GCC_WARN_UNUSED_FUNCTION = YES;
				GCC_WARN_UNUSED_VARIABLE = YES;
				IPHONEOS_DEPLOYMENT_TARGET = 18.2;
				LOCALIZATION_PREFERS_STRING_CATALOGS = YES;
				MTL_ENABLE_DEBUG_INFO = NO;
				MTL_FAST_MATH = YES;
				SDKROOT = iphoneos;
				SWIFT_COMPILATION_MODE = wholemodule;
				VALIDATE_PRODUCT = YES;
			};
			name = Release;
		};
		4229807D2E21238C00477456 /* Debug */ = {
			isa = XCBuildConfiguration;
			buildSettings = {
				ASSETCATALOG_COMPILER_APPICON_NAME = AppIcon;
				ASSETCATALOG_COMPILER_GLOBAL_ACCENT_COLOR_NAME = AccentColor;
				CODE_SIGN_STYLE = Automatic;
				CURRENT_PROJECT_VERSION = 1;
				DEVELOPMENT_ASSET_PATHS = "\"Zuper-iOS Assignment/Preview Content\"";
				ENABLE_PREVIEWS = YES;
				GENERATE_INFOPLIST_FILE = YES;
				INFOPLIST_KEY_NSMicrophoneUsageDescription = "We need access to the microphone to capture your voice for search.";
				INFOPLIST_KEY_NSSpeechRecognitionUsageDescription = "We use speech recognition to allow voice-based search in services.";
				INFOPLIST_KEY_UIApplicationSceneManifest_Generation = YES;
				INFOPLIST_KEY_UIApplicationSupportsIndirectInputEvents = YES;
				INFOPLIST_KEY_UILaunchScreen_Generation = YES;
				INFOPLIST_KEY_UISupportedInterfaceOrientations_iPad = "UIInterfaceOrientationPortrait UIInterfaceOrientationPortraitUpsideDown UIInterfaceOrientationLandscapeLeft UIInterfaceOrientationLandscapeRight";
				INFOPLIST_KEY_UISupportedInterfaceOrientations_iPhone = "UIInterfaceOrientationPortrait UIInterfaceOrientationLandscapeLeft UIInterfaceOrientationLandscapeRight";
				IPHONEOS_DEPLOYMENT_TARGET = 16.0;
				LD_RUNPATH_SEARCH_PATHS = (
					"$(inherited)",
					"@executable_path/Frameworks",
				);
				MARKETING_VERSION = 1.0;
				PRODUCT_BUNDLE_IDENTIFIER = "com.Zuper-iOS-Assignment.Zuper-iOS-Assignment";
				PRODUCT_NAME = "$(TARGET_NAME)";
				SUPPORTED_PLATFORMS = "iphoneos iphonesimulator";
				SUPPORTS_MACCATALYST = NO;
				SUPPORTS_MAC_DESIGNED_FOR_IPHONE_IPAD = NO;
				SUPPORTS_XR_DESIGNED_FOR_IPHONE_IPAD = NO;
				SWIFT_EMIT_LOC_STRINGS = YES;
				SWIFT_VERSION = 5.0;
				TARGETED_DEVICE_FAMILY = "1,2";
			};
			name = Debug;
		};
		4229807E2E21238C00477456 /* Release */ = {
			isa = XCBuildConfiguration;
			buildSettings = {
				ASSETCATALOG_COMPILER_APPICON_NAME = AppIcon;
				ASSETCATALOG_COMPILER_GLOBAL_ACCENT_COLOR_NAME = AccentColor;
				CODE_SIGN_STYLE = Automatic;
				CURRENT_PROJECT_VERSION = 1;
				DEVELOPMENT_ASSET_PATHS = "\"Zuper-iOS Assignment/Preview Content\"";
				ENABLE_PREVIEWS = YES;
				GENERATE_INFOPLIST_FILE = YES;
				INFOPLIST_KEY_NSMicrophoneUsageDescription = "We need access to the microphone to capture your voice for search.";
				INFOPLIST_KEY_NSSpeechRecognitionUsageDescription = "We use speech recognition to allow voice-based search in services.";
				INFOPLIST_KEY_UIApplicationSceneManifest_Generation = YES;
				INFOPLIST_KEY_UIApplicationSupportsIndirectInputEvents = YES;
				INFOPLIST_KEY_UILaunchScreen_Generation = YES;
				INFOPLIST_KEY_UISupportedInterfaceOrientations_iPad = "UIInterfaceOrientationPortrait UIInterfaceOrientationPortraitUpsideDown UIInterfaceOrientationLandscapeLeft UIInterfaceOrientationLandscapeRight";
				INFOPLIST_KEY_UISupportedInterfaceOrientations_iPhone = "UIInterfaceOrientationPortrait UIInterfaceOrientationLandscapeLeft UIInterfaceOrientationLandscapeRight";
				IPHONEOS_DEPLOYMENT_TARGET = 16.0;
				LD_RUNPATH_SEARCH_PATHS = (
					"$(inherited)",
					"@executable_path/Frameworks",
				);
				MARKETING_VERSION = 1.0;
				PRODUCT_BUNDLE_IDENTIFIER = "com.Zuper-iOS-Assignment.Zuper-iOS-Assignment";
				PRODUCT_NAME = "$(TARGET_NAME)";
				SUPPORTED_PLATFORMS = "iphoneos iphonesimulator";
				SUPPORTS_MACCATALYST = NO;
				SUPPORTS_MAC_DESIGNED_FOR_IPHONE_IPAD = NO;
				SUPPORTS_XR_DESIGNED_FOR_IPHONE_IPAD = NO;
				SWIFT_EMIT_LOC_STRINGS = YES;
				SWIFT_VERSION = 5.0;
				TARGETED_DEVICE_FAMILY = "1,2";
			};
			name = Release;
		};
		422980802E21238C00477456 /* Debug */ = {
			isa = XCBuildConfiguration;
			buildSettings = {
				BUNDLE_LOADER = "$(TEST_HOST)";
				CODE_SIGN_STYLE = Automatic;
				CURRENT_PROJECT_VERSION = 1;
				GENERATE_INFOPLIST_FILE = YES;
				IPHONEOS_DEPLOYMENT_TARGET = 18.2;
				MARKETING_VERSION = 1.0;
				PRODUCT_BUNDLE_IDENTIFIER = "com.Zuper-iOS-Assignment.Zuper-iOS-AssignmentTests";
				PRODUCT_NAME = "$(TARGET_NAME)";
				SWIFT_EMIT_LOC_STRINGS = NO;
				SWIFT_VERSION = 5.0;
				TARGETED_DEVICE_FAMILY = "1,2";
				TEST_HOST = "$(BUILT_PRODUCTS_DIR)/Zuper-iOS Assignment.app/$(BUNDLE_EXECUTABLE_FOLDER_PATH)/Zuper-iOS Assignment";
			};
			name = Debug;
		};
		422980812E21238C00477456 /* Release */ = {
			isa = XCBuildConfiguration;
			buildSettings = {
				BUNDLE_LOADER = "$(TEST_HOST)";
				CODE_SIGN_STYLE = Automatic;
				CURRENT_PROJECT_VERSION = 1;
				GENERATE_INFOPLIST_FILE = YES;
				IPHONEOS_DEPLOYMENT_TARGET = 18.2;
				MARKETING_VERSION = 1.0;
				PRODUCT_BUNDLE_IDENTIFIER = "com.Zuper-iOS-Assignment.Zuper-iOS-AssignmentTests";
				PRODUCT_NAME = "$(TARGET_NAME)";
				SWIFT_EMIT_LOC_STRINGS = NO;
				SWIFT_VERSION = 5.0;
				TARGETED_DEVICE_FAMILY = "1,2";
				TEST_HOST = "$(BUILT_PRODUCTS_DIR)/Zuper-iOS Assignment.app/$(BUNDLE_EXECUTABLE_FOLDER_PATH)/Zuper-iOS Assignment";
			};
			name = Release;
		};
		422980832E21238C00477456 /* Debug */ = {
			isa = XCBuildConfiguration;
			buildSettings = {
				CODE_SIGN_STYLE = Automatic;
				CURRENT_PROJECT_VERSION = 1;
				GENERATE_INFOPLIST_FILE = YES;
				MARKETING_VERSION = 1.0;
				PRODUCT_BUNDLE_IDENTIFIER = "com.Zuper-iOS-Assignment.Zuper-iOS-AssignmentUITests";
				PRODUCT_NAME = "$(TARGET_NAME)";
				SWIFT_EMIT_LOC_STRINGS = NO;
				SWIFT_VERSION = 5.0;
				TARGETED_DEVICE_FAMILY = "1,2";
				TEST_TARGET_NAME = "Zuper-iOS Assignment";
			};
			name = Debug;
		};
		422980842E21238C00477456 /* Release */ = {
			isa = XCBuildConfiguration;
			buildSettings = {
				CODE_SIGN_STYLE = Automatic;
				CURRENT_PROJECT_VERSION = 1;
				GENERATE_INFOPLIST_FILE = YES;
				MARKETING_VERSION = 1.0;
				PRODUCT_BUNDLE_IDENTIFIER = "com.Zuper-iOS-Assignment.Zuper-iOS-AssignmentUITests";
				PRODUCT_NAME = "$(TARGET_NAME)";
				SWIFT_EMIT_LOC_STRINGS = NO;
				SWIFT_VERSION = 5.0;
				TARGETED_DEVICE_FAMILY = "1,2";
				TEST_TARGET_NAME = "Zuper-iOS Assignment";
			};
			name = Release;
		};
/* End XCBuildConfiguration section */

/* Begin XCConfigurationList section */
		422980532E21238A00477456 /* Build configuration list for PBXProject "Zuper-iOS Assignment" */ = {
			isa = XCConfigurationList;
			buildConfigurations = (
				4229807A2E21238C00477456 /* Debug */,
				4229807B2E21238C00477456 /* Release */,
			);
			defaultConfigurationIsVisible = 0;
			defaultConfigurationName = Release;
		};
		4229807C2E21238C00477456 /* Build configuration list for PBXNativeTarget "Zuper-iOS Assignment" */ = {
			isa = XCConfigurationList;
			buildConfigurations = (
				4229807D2E21238C00477456 /* Debug */,
				4229807E2E21238C00477456 /* Release */,
			);
			defaultConfigurationIsVisible = 0;
			defaultConfigurationName = Release;
		};
		4229807F2E21238C00477456 /* Build configuration list for PBXNativeTarget "Zuper-iOS AssignmentTests" */ = {
			isa = XCConfigurationList;
			buildConfigurations = (
				422980802E21238C00477456 /* Debug */,
				422980812E21238C00477456 /* Release */,
			);
			defaultConfigurationIsVisible = 0;
			defaultConfigurationName = Release;
		};
		422980822E21238C00477456 /* Build configuration list for PBXNativeTarget "Zuper-iOS AssignmentUITests" */ = {
			isa = XCConfigurationList;
			buildConfigurations = (
				422980832E21238C00477456 /* Debug */,
				422980842E21238C00477456 /* Release */,
			);
			defaultConfigurationIsVisible = 0;
			defaultConfigurationName = Release;
		};
/* End XCConfigurationList section */
	};
	rootObject = 422980502E21238A00477456 /* Project object */;
}
